
Microsoft Visual Studio Solution File, Format Version 12.00
# Visual Studio Version 17
VisualStudioVersion = 17.2.32630.192
MinimumVisualStudioVersion = 10.0.40219.1
Project("{FAE04EC0-301F-11D3-BF4B-00C04F79EFBC}") = "PlainWebApp", "PlainWebApp\PlainWebApp.csproj", "{887A826C-F048-4367-B2B4-DFD24095ACBE}"
EndProject
Global
	GlobalSection(SolutionConfigurationPlatforms) = preSolution
		Debug|Any CPU = Debug|Any CPU
		Release|Any CPU = Release|Any CPU
	EndGlobalSection
	GlobalSection(ProjectConfigurationPlatforms) = postSolution
		{887A826C-F048-4367-B2B4-DFD24095ACBE}.Debug|Any CPU.ActiveCfg = Debug|Any CPU
		{887A826C-F048-4367-B2B4-DFD24095ACBE}.Debug|Any CPU.Build.0 = Debug|Any CPU
		{887A826C-F048-4367-B2B4-DFD24095ACBE}.Release|Any CPU.ActiveCfg = Release|Any CPU
		{887A826C-F048-4367-B2B4-DFD24095ACBE}.Release|Any CPU.Build.0 = Release|Any CPU
	EndGlobalSection
	GlobalSection(SolutionProperties) = preSolution
		HideSolutionNode = FALSE
	EndGlobalSection
	GlobalSection(ExtensibilityGlobals) = postSolution
		SolutionGuid = {BE11518D-811C-43A7-BCF0-B05F28B3196D}
	EndGlobalSection
EndGlobal
